
Microsoft Visual Studio Solution File, Format Version 12.00
Project("{FAE04EC0-301F-11D3-BF4B-00C04F79EFBC}") = "K2.FundsManagement.Abstractions", "K2.FundsManagement.Abstractions\K2.FundsManagement.Abstractions.csproj", "{836F0F09-388B-4254-A805-D65EF3A4FEF9}"
EndProject
Project("{FAE04EC0-301F-11D3-BF4B-00C04F79EFBC}") = "K2.FundsManagement.Domain", "K2.FundsManagement.Domain\K2.FundsManagement.Domain.csproj", "{40F8140C-C30D-450C-BB43-6C239A0B2E43}"
EndProject
Project("{FAE04EC0-301F-11D3-BF4B-00C04F79EFBC}") = "K2.FundsManagement.WebApi", "K2.FundsManagement.WebApi\K2.FundsManagement.WebApi.csproj", "{7238A502-8A93-4916-AC07-40A1CF6A39A9}"
EndProject
Global
	GlobalSection(SolutionConfigurationPlatforms) = preSolution
		Debug|Any CPU = Debug|Any CPU
		Release|Any CPU = Release|Any CPU
	EndGlobalSection
	GlobalSection(ProjectConfigurationPlatforms) = postSolution
		{836F0F09-388B-4254-A805-D65EF3A4FEF9}.Debug|Any CPU.ActiveCfg = Debug|Any CPU
		{836F0F09-388B-4254-A805-D65EF3A4FEF9}.Debug|Any CPU.Build.0 = Debug|Any CPU
		{836F0F09-388B-4254-A805-D65EF3A4FEF9}.Release|Any CPU.ActiveCfg = Release|Any CPU
		{836F0F09-388B-4254-A805-D65EF3A4FEF9}.Release|Any CPU.Build.0 = Release|Any CPU
		{40F8140C-C30D-450C-BB43-6C239A0B2E43}.Debug|Any CPU.ActiveCfg = Debug|Any CPU
		{40F8140C-C30D-450C-BB43-6C239A0B2E43}.Debug|Any CPU.Build.0 = Debug|Any CPU
		{40F8140C-C30D-450C-BB43-6C239A0B2E43}.Release|Any CPU.ActiveCfg = Release|Any CPU
		{40F8140C-C30D-450C-BB43-6C239A0B2E43}.Release|Any CPU.Build.0 = Release|Any CPU
		{7238A502-8A93-4916-AC07-40A1CF6A39A9}.Debug|Any CPU.ActiveCfg = Debug|Any CPU
		{7238A502-8A93-4916-AC07-40A1CF6A39A9}.Debug|Any CPU.Build.0 = Debug|Any CPU
		{7238A502-8A93-4916-AC07-40A1CF6A39A9}.Release|Any CPU.ActiveCfg = Release|Any CPU
		{7238A502-8A93-4916-AC07-40A1CF6A39A9}.Release|Any CPU.Build.0 = Release|Any CPU
	EndGlobalSection
EndGlobal
